
Microsoft Visual Studio Solution File, Format Version 12.00
# Visual Studio Version 16
VisualStudioVersion = 16.0.28917.181
MinimumVisualStudioVersion = 10.0.40219.1
Project("{FAE04EC0-301F-11D3-BF4B-00C04F79EFBC}") = "AxiesManager(TS)", "AxiesManager\AxiesManager(TS).csproj", "{2574F603-4B6C-4A30-BFDD-E3BC09EEDFDF}"
EndProject
Project("{E24C65DC-7377-472B-9ABA-BC803B73C61A}") = "LandMarketplace", "LandMarketplace\", "{79821203-F7E5-4982-9A38-153F155AADC0}"
	ProjectSection(WebsiteProperties) = preProject
		TargetFrameworkMoniker = ".NETFramework,Version%3Dv4.0"
		Debug.AspNetCompiler.VirtualPath = "/localhost_62500"
		Debug.AspNetCompiler.PhysicalPath = "LandMarketplace\"
		Debug.AspNetCompiler.TargetPath = "PrecompiledWeb\localhost_62500\"
		Debug.AspNetCompiler.Updateable = "true"
		Debug.AspNetCompiler.ForceOverwrite = "true"
		Debug.AspNetCompiler.FixedNames = "false"
		Debug.AspNetCompiler.Debug = "True"
		Release.AspNetCompiler.VirtualPath = "/localhost_62500"
		Release.AspNetCompiler.PhysicalPath = "LandMarketplace\"
		Release.AspNetCompiler.TargetPath = "PrecompiledWeb\localhost_62500\"
		Release.AspNetCompiler.Updateable = "true"
		Release.AspNetCompiler.ForceOverwrite = "true"
		Release.AspNetCompiler.FixedNames = "false"
		Release.AspNetCompiler.Debug = "False"
		VWDPort = "62500"
		SlnRelativePath = "LandMarketplace\"
	EndProjectSection
EndProject
Project("{E24C65DC-7377-472B-9ABA-BC803B73C61A}") = "AxiesManager(1)", "AxiesManager\", "{3D410973-AB66-4BE0-B5A2-7E8183287EA8}"
	ProjectSection(WebsiteProperties) = preProject
		TargetFrameworkMoniker = ".NETFramework,Version%3Dv4.7.1"
		Debug.AspNetCompiler.VirtualPath = "/localhost_62609"
		Debug.AspNetCompiler.PhysicalPath = "AxiesManager\"
		Debug.AspNetCompiler.TargetPath = "PrecompiledWeb\localhost_62609\"
		Debug.AspNetCompiler.Updateable = "true"
		Debug.AspNetCompiler.ForceOverwrite = "true"
		Debug.AspNetCompiler.FixedNames = "false"
		Debug.AspNetCompiler.Debug = "True"
		Release.AspNetCompiler.VirtualPath = "/localhost_62609"
		Release.AspNetCompiler.PhysicalPath = "AxiesManager\"
		Release.AspNetCompiler.TargetPath = "PrecompiledWeb\localhost_62609\"
		Release.AspNetCompiler.Updateable = "true"
		Release.AspNetCompiler.ForceOverwrite = "true"
		Release.AspNetCompiler.FixedNames = "false"
		Release.AspNetCompiler.Debug = "False"
		VWDPort = "62609"
		SlnRelativePath = "AxiesManager\"
	EndProjectSection
EndProject
Global
	GlobalSection(SolutionConfigurationPlatforms) = preSolution
		Debug|Any CPU = Debug|Any CPU
		Release|Any CPU = Release|Any CPU
	EndGlobalSection
	GlobalSection(ProjectConfigurationPlatforms) = postSolution
		{2574F603-4B6C-4A30-BFDD-E3BC09EEDFDF}.Debug|Any CPU.ActiveCfg = Debug|Any CPU
		{2574F603-4B6C-4A30-BFDD-E3BC09EEDFDF}.Debug|Any CPU.Build.0 = Debug|Any CPU
		{2574F603-4B6C-4A30-BFDD-E3BC09EEDFDF}.Release|Any CPU.ActiveCfg = Release|Any CPU
		{2574F603-4B6C-4A30-BFDD-E3BC09EEDFDF}.Release|Any CPU.Build.0 = Release|Any CPU
		{79821203-F7E5-4982-9A38-153F155AADC0}.Debug|Any CPU.ActiveCfg = Debug|Any CPU
		{79821203-F7E5-4982-9A38-153F155AADC0}.Debug|Any CPU.Build.0 = Debug|Any CPU
		{79821203-F7E5-4982-9A38-153F155AADC0}.Release|Any CPU.ActiveCfg = Debug|Any CPU
		{79821203-F7E5-4982-9A38-153F155AADC0}.Release|Any CPU.Build.0 = Debug|Any CPU
		{3D410973-AB66-4BE0-B5A2-7E8183287EA8}.Debug|Any CPU.ActiveCfg = Debug|Any CPU
		{3D410973-AB66-4BE0-B5A2-7E8183287EA8}.Debug|Any CPU.Build.0 = Debug|Any CPU
		{3D410973-AB66-4BE0-B5A2-7E8183287EA8}.Release|Any CPU.ActiveCfg = Debug|Any CPU
		{3D410973-AB66-4BE0-B5A2-7E8183287EA8}.Release|Any CPU.Build.0 = Debug|Any CPU
	EndGlobalSection
	GlobalSection(SolutionProperties) = preSolution
		HideSolutionNode = FALSE
	EndGlobalSection
	GlobalSection(ExtensibilityGlobals) = postSolution
		SolutionGuid = {6BAC991B-C602-4120-9231-CC5636CD0056}
	EndGlobalSection
EndGlobal
